// !$*UTF8*$!
{
	archiveVersion = 1;
	classes = {
	};
	objectVersion = 50;
	objects = {

/* Begin PBXBuildFile section */
		AA12421520F35A1A00932EB3 /* AppDelegate.swift in Sources */ = {isa = PBXBuildFile; fileRef = AA12421420F35A1A00932EB3 /* AppDelegate.swift */; };
		AA12421720F35A1A00932EB3 /* DetailViewController.swift in Sources */ = {isa = PBXBuildFile; fileRef = AA12421620F35A1A00932EB3 /* DetailViewController.swift */; };
		AA12421A20F35A1A00932EB3 /* Main.storyboard in Resources */ = {isa = PBXBuildFile; fileRef = AA12421820F35A1A00932EB3 /* Main.storyboard */; };
		AA12421D20F35A1A00932EB3 /* CoreDataFetchedResults.xcdatamodeld in Sources */ = {isa = PBXBuildFile; fileRef = AA12421B20F35A1A00932EB3 /* CoreDataFetchedResults.xcdatamodeld */; };
		AA12421F20F35A1C00932EB3 /* Assets.xcassets in Resources */ = {isa = PBXBuildFile; fileRef = AA12421E20F35A1C00932EB3 /* Assets.xcassets */; };
		AA12422220F35A1C00932EB3 /* LaunchScreen.storyboard in Resources */ = {isa = PBXBuildFile; fileRef = AA12422020F35A1C00932EB3 /* LaunchScreen.storyboard */; };
		AA12422A20F35A8A00932EB3 /* MasterTableViewController.swift in Sources */ = {isa = PBXBuildFile; fileRef = AA12422920F35A8A00932EB3 /* MasterTableViewController.swift */; };
		AA12422C20F35A9E00932EB3 /* DataService.swift in Sources */ = {isa = PBXBuildFile; fileRef = AA12422B20F35A9E00932EB3 /* DataService.swift */; };
/* End PBXBuildFile section */

/* Begin PBXFileReference section */
		AA12421120F35A1A00932EB3 /* CoreDataFetchedResults.app */ = {isa = PBXFileReference; explicitFileType = wrapper.application; includeInIndex = 0; path = CoreDataFetchedResults.app; sourceTree = BUILT_PRODUCTS_DIR; };
		AA12421420F35A1A00932EB3 /* AppDelegate.swift */ = {isa = PBXFileReference; lastKnownFileType = sourcecode.swift; path = AppDelegate.swift; sourceTree = "<group>"; };
		AA12421620F35A1A00932EB3 /* DetailViewController.swift */ = {isa = PBXFileReference; lastKnownFileType = sourcecode.swift; path = DetailViewController.swift; sourceTree = "<group>"; };
		AA12421920F35A1A00932EB3 /* Base */ = {isa = PBXFileReference; lastKnownFileType = file.storyboard; name = Base; path = Base.lproj/Main.storyboard; sourceTree = "<group>"; };
		AA12421C20F35A1A00932EB3 /* CoreDataFetchedResults.xcdatamodel */ = {isa = PBXFileReference; lastKnownFileType = wrapper.xcdatamodel; path = CoreDataFetchedResults.xcdatamodel; sourceTree = "<group>"; };
		AA12421E20F35A1C00932EB3 /* Assets.xcassets */ = {isa = PBXFileReference; lastKnownFileType = folder.assetcatalog; path = Assets.xcassets; sourceTree = "<group>"; };
		AA12422120F35A1C00932EB3 /* Base */ = {isa = PBXFileReference; lastKnownFileType = file.storyboard; name = Base; path = Base.lproj/LaunchScreen.storyboard; sourceTree = "<group>"; };
		AA12422320F35A1C00932EB3 /* Info.plist */ = {isa = PBXFileReference; lastKnownFileType = text.plist.xml; path = Info.plist; sourceTree = "<group>"; };
		AA12422920F35A8A00932EB3 /* MasterTableViewController.swift */ = {isa = PBXFileReference; lastKnownFileType = sourcecode.swift; path = MasterTableViewController.swift; sourceTree = "<group>"; };
		AA12422B20F35A9E00932EB3 /* DataService.swift */ = {isa = PBXFileReference; lastKnownFileType = sourcecode.swift; path = DataService.swift; sourceTree = "<group>"; };
/* End PBXFileReference section */

/* Begin PBXFrameworksBuildPhase section */
		AA12420E20F35A1A00932EB3 /* Frameworks */ = {
			isa = PBXFrameworksBuildPhase;
			buildActionMask = 2147483647;
			files = (
			);
			runOnlyForDeploymentPostprocessing = 0;
		};
/* End PBXFrameworksBuildPhase section */

/* Begin PBXGroup section */
		AA12420820F35A1A00932EB3 = {
			isa = PBXGroup;
			children = (
				AA12421320F35A1A00932EB3 /* CoreDataFetchedResults */,
				AA12421220F35A1A00932EB3 /* Products */,
			);
			sourceTree = "<group>";
		};
		AA12421220F35A1A00932EB3 /* Products */ = {
			isa = PBXGroup;
			children = (
				AA12421120F35A1A00932EB3 /* CoreDataFetchedResults.app */,
			);
			name = Products;
			sourceTree = "<group>";
		};
		AA12421320F35A1A00932EB3 /* CoreDataFetchedResults */ = {
			isa = PBXGroup;
			children = (
				AA12421420F35A1A00932EB3 /* AppDelegate.swift */,
				AA12422920F35A8A00932EB3 /* MasterTableViewController.swift */,
				AA12421620F35A1A00932EB3 /* DetailViewController.swift */,
				AA12422B20F35A9E00932EB3 /* DataService.swift */,
				AA12421820F35A1A00932EB3 /* Main.storyboard */,
				AA12421E20F35A1C00932EB3 /* Assets.xcassets */,
				AA12422020F35A1C00932EB3 /* LaunchScreen.storyboard */,
				AA12422320F35A1C00932EB3 /* Info.plist */,
				AA12421B20F35A1A00932EB3 /* CoreDataFetchedResults.xcdatamodeld */,
			);
			path = CoreDataFetchedResults;
			sourceTree = "<group>";
		};
/* End PBXGroup section */

/* Begin PBXNativeTarget section */
		AA12421020F35A1A00932EB3 /* CoreDataFetchedResults */ = {
			isa = PBXNativeTarget;
			buildConfigurationList = AA12422620F35A1C00932EB3 /* Build configuration list for PBXNativeTarget "CoreDataFetchedResults" */;
			buildPhases = (
				AA12420D20F35A1A00932EB3 /* Sources */,
				AA12420E20F35A1A00932EB3 /* Frameworks */,
				AA12420F20F35A1A00932EB3 /* Resources */,
			);
			buildRules = (
			);
			dependencies = (
			);
			name = CoreDataFetchedResults;
			productName = CoreDataFetchedResults;
			productReference = AA12421120F35A1A00932EB3 /* CoreDataFetchedResults.app */;
			productType = "com.apple.product-type.application";
		};
/* End PBXNativeTarget section */

/* Begin PBXProject section */
		AA12420920F35A1A00932EB3 /* Project object */ = {
			isa = PBXProject;
			attributes = {
				LastSwiftUpdateCheck = 0940;
				LastUpgradeCheck = 0940;
				ORGANIZATIONNAME = thamgiahuy;
				TargetAttributes = {
					AA12421020F35A1A00932EB3 = {
						CreatedOnToolsVersion = 9.4.1;
					};
				};
			};
			buildConfigurationList = AA12420C20F35A1A00932EB3 /* Build configuration list for PBXProject "CoreDataFetchedResults" */;
			compatibilityVersion = "Xcode 9.3";
			developmentRegion = en;
			hasScannedForEncodings = 0;
			knownRegions = (
				en,
				Base,
			);
			mainGroup = AA12420820F35A1A00932EB3;
			productRefGroup = AA12421220F35A1A00932EB3 /* Products */;
			projectDirPath = "";
			projectRoot = "";
			targets = (
				AA12421020F35A1A00932EB3 /* CoreDataFetchedResults */,
			);
		};
/* End PBXProject section */

/* Begin PBXResourcesBuildPhase section */
		AA12420F20F35A1A00932EB3 /* Resources */ = {
			isa = PBXResourcesBuildPhase;
			buildActionMask = 2147483647;
			files = (
				AA12422220F35A1C00932EB3 /* LaunchScreen.storyboard in Resources */,
				AA12421F20F35A1C00932EB3 /* Assets.xcassets in Resources */,
				AA12421A20F35A1A00932EB3 /* Main.storyboard in Resources */,
			);
			runOnlyForDeploymentPostprocessing = 0;
		};
/* End PBXResourcesBuildPhase section */

/* Begin PBXSourcesBuildPhase section */
		AA12420D20F35A1A00932EB3 /* Sources */ = {
			isa = PBXSourcesBuildPhase;
			buildActionMask = 2147483647;
			files = (
				AA12421720F35A1A00932EB3 /* DetailViewController.swift in Sources */,
				AA12422A20F35A8A00932EB3 /* MasterTableViewController.swift in Sources */,
				AA12421D20F35A1A00932EB3 /* CoreDataFetchedResults.xcdatamodeld in Sources */,
				AA12421520F35A1A00932EB3 /* AppDelegate.swift in Sources */,
				AA12422C20F35A9E00932EB3 /* DataService.swift in Sources */,
			);
			runOnlyForDeploymentPostprocessing = 0;
		};
/* End PBXSourcesBuildPhase section */

/* Begin PBXVariantGroup section */
		AA12421820F35A1A00932EB3 /* Main.storyboard */ = {
			isa = PBXVariantGroup;
			children = (
				AA12421920F35A1A00932EB3 /* Base */,
			);
			name = Main.storyboard;
			sourceTree = "<group>";
		};
		AA12422020F35A1C00932EB3 /* LaunchScreen.storyboard */ = {
			isa = PBXVariantGroup;
			children = (
				AA12422120F35A1C00932EB3 /* Base */,
			);
			name = LaunchScreen.storyboard;
			sourceTree = "<group>";
		};
/* End PBXVariantGroup section */

/* Begin XCBuildConfiguration section */
		AA12422420F35A1C00932EB3 /* Debug */ = {
			isa = XCBuildConfiguration;
			buildSettings = {
				ALWAYS_SEARCH_USER_PATHS = NO;
				CLANG_ANALYZER_NONNULL = YES;
				CLANG_ANALYZER_NUMBER_OBJECT_CONVERSION = YES_AGGRESSIVE;
				CLANG_CXX_LANGUAGE_STANDARD = "gnu++14";
				CLANG_CXX_LIBRARY = "libc++";
				CLANG_ENABLE_MODULES = YES;
				CLANG_ENABLE_OBJC_ARC = YES;
				CLANG_ENABLE_OBJC_WEAK = YES;
				CLANG_WARN_BLOCK_CAPTURE_AUTORELEASING = YES;
				CLANG_WARN_BOOL_CONVERSION = YES;
				CLANG_WARN_COMMA = YES;
				CLANG_WARN_CONSTANT_CONVERSION = YES;
				CLANG_WARN_DEPRECATED_OBJC_IMPLEMENTATIONS = YES;
				CLANG_WARN_DIRECT_OBJC_ISA_USAGE = YES_ERROR;
				CLANG_WARN_DOCUMENTATION_COMMENTS = YES;
				CLANG_WARN_EMPTY_BODY = YES;
				CLANG_WARN_ENUM_CONVERSION = YES;
				CLANG_WARN_INFINITE_RECURSION = YES;
				CLANG_WARN_INT_CONVERSION = YES;
				CLANG_WARN_NON_LITERAL_NULL_CONVERSION = YES;
				CLANG_WARN_OBJC_IMPLICIT_RETAIN_SELF = YES;
				CLANG_WARN_OBJC_LITERAL_CONVERSION = YES;
				CLANG_WARN_OBJC_ROOT_CLASS = YES_ERROR;
				CLANG_WARN_RANGE_LOOP_ANALYSIS = YES;
				CLANG_WARN_STRICT_PROTOTYPES = YES;
				CLANG_WARN_SUSPICIOUS_MOVE = YES;
				CLANG_WARN_UNGUARDED_AVAILABILITY = YES_AGGRESSIVE;
				CLANG_WARN_UNREACHABLE_CODE = YES;
				CLANG_WARN__DUPLICATE_METHOD_MATCH = YES;
				CODE_SIGN_IDENTITY = "iPhone Developer";
				COPY_PHASE_STRIP = NO;
				DEBUG_INFORMATION_FORMAT = dwarf;
				ENABLE_STRICT_OBJC_MSGSEND = YES;
				ENABLE_TESTABILITY = YES;
				GCC_C_LANGUAGE_STANDARD = gnu11;
				GCC_DYNAMIC_NO_PIC = NO;
				GCC_NO_COMMON_BLOCKS = YES;
				GCC_OPTIMIZATION_LEVEL = 0;
				GCC_PREPROCESSOR_DEFINITIONS = (
					"DEBUG=1",
					"$(inherited)",
				);
				GCC_WARN_64_TO_32_BIT_CONVERSION = YES;
				GCC_WARN_ABOUT_RETURN_TYPE = YES_ERROR;
				GCC_WARN_UNDECLARED_SELECTOR = YES;
				GCC_WARN_UNINITIALIZED_AUTOS = YES_AGGRESSIVE;
				GCC_WARN_UNUSED_FUNCTION = YES;
				GCC_WARN_UNUSED_VARIABLE = YES;
				IPHONEOS_DEPLOYMENT_TARGET = 11.4;
				MTL_ENABLE_DEBUG_INFO = YES;
				ONLY_ACTIVE_ARCH = YES;
				SDKROOT = iphoneos;
				SWIFT_ACTIVE_COMPILATION_CONDITIONS = DEBUG;
				SWIFT_OPTIMIZATION_LEVEL = "-Onone";
			};
			name = Debug;
		};
		AA12422520F35A1C00932EB3 /* Release */ = {
			isa = XCBuildConfiguration;
			buildSettings = {
				ALWAYS_SEARCH_USER_PATHS = NO;
				CLANG_ANALYZER_NONNULL = YES;
				CLANG_ANALYZER_NUMBER_OBJECT_CONVERSION = YES_AGGRESSIVE;
				CLANG_CXX_LANGUAGE_STANDARD = "gnu++14";
				CLANG_CXX_LIBRARY = "libc++";
				CLANG_ENABLE_MODULES = YES;
				CLANG_ENABLE_OBJC_ARC = YES;
				CLANG_ENABLE_OBJC_WEAK = YES;
				CLANG_WARN_BLOCK_CAPTURE_AUTORELEASING = YES;
				CLANG_WARN_BOOL_CONVERSION = YES;
				CLANG_WARN_COMMA = YES;
				CLANG_WARN_CONSTANT_CONVERSION = YES;
				CLANG_WARN_DEPRECATED_OBJC_IMPLEMENTATIONS = YES;
				CLANG_WARN_DIRECT_OBJC_ISA_USAGE = YES_ERROR;
				CLANG_WARN_DOCUMENTATION_COMMENTS = YES;
				CLANG_WARN_EMPTY_BODY = YES;
				CLANG_WARN_ENUM_CONVERSION = YES;
				CLANG_WARN_INFINITE_RECURSION = YES;
				CLANG_WARN_INT_CONVERSION = YES;
				CLANG_WARN_NON_LITERAL_NULL_CONVERSION = YES;
				CLANG_WARN_OBJC_IMPLICIT_RETAIN_SELF = YES;
				CLANG_WARN_OBJC_LITERAL_CONVERSION = YES;
				CLANG_WARN_OBJC_ROOT_CLASS = YES_ERROR;
				CLANG_WARN_RANGE_LOOP_ANALYSIS = YES;
				CLANG_WARN_STRICT_PROTOTYPES = YES;
				CLANG_WARN_SUSPICIOUS_MOVE = YES;
				CLANG_WARN_UNGUARDED_AVAILABILITY = YES_AGGRESSIVE;
				CLANG_WARN_UNREACHABLE_CODE = YES;
				CLANG_WARN__DUPLICATE_METHOD_MATCH = YES;
				CODE_SIGN_IDENTITY = "iPhone Developer";
				COPY_PHASE_STRIP = NO;
				DEBUG_INFORMATION_FORMAT = "dwarf-with-dsym";
				ENABLE_NS_ASSERTIONS = NO;
				ENABLE_STRICT_OBJC_MSGSEND = YES;
				GCC_C_LANGUAGE_STANDARD = gnu11;
				GCC_NO_COMMON_BLOCKS = YES;
				GCC_WARN_64_TO_32_BIT_CONVERSION = YES;
				GCC_WARN_ABOUT_RETURN_TYPE = YES_ERROR;
				GCC_WARN_UNDECLARED_SELECTOR = YES;
				GCC_WARN_UNINITIALIZED_AUTOS = YES_AGGRESSIVE;
				GCC_WARN_UNUSED_FUNCTION = YES;
				GCC_WARN_UNUSED_VARIABLE = YES;
				IPHONEOS_DEPLOYMENT_TARGET = 11.4;
				MTL_ENABLE_DEBUG_INFO = NO;
				SDKROOT = iphoneos;
				SWIFT_COMPILATION_MODE = wholemodule;
				SWIFT_OPTIMIZATION_LEVEL = "-O";
				VALIDATE_PRODUCT = YES;
			};
			name = Release;
		};
		AA12422720F35A1C00932EB3 /* Debug */ = {
			isa = XCBuildConfiguration;
			buildSettings = {
				ASSETCATALOG_COMPILER_APPICON_NAME = AppIcon;
				CODE_SIGN_STYLE = Automatic;
				INFOPLIST_FILE = CoreDataFetchedResults/Info.plist;
				LD_RUNPATH_SEARCH_PATHS = (
					"$(inherited)",
					"@executable_path/Frameworks",
				);
				PRODUCT_BUNDLE_IDENTIFIER = com.big0.Huy.CoreDataFetchedResults;
				PRODUCT_NAME = "$(TARGET_NAME)";
				SWIFT_VERSION = 4.0;
				TARGETED_DEVICE_FAMILY = "1,2";
			};
			name = Debug;
		};
		AA12422820F35A1C00932EB3 /* Release */ = {
			isa = XCBuildConfiguration;
			buildSettings = {
				ASSETCATALOG_COMPILER_APPICON_NAME = AppIcon;
				CODE_SIGN_STYLE = Automatic;
				INFOPLIST_FILE = CoreDataFetchedResults/Info.plist;
				LD_RUNPATH_SEARCH_PATHS = (
					"$(inherited)",
					"@executable_path/Frameworks",
				);
				PRODUCT_BUNDLE_IDENTIFIER = com.big0.Huy.CoreDataFetchedResults;
				PRODUCT_NAME = "$(TARGET_NAME)";
				SWIFT_VERSION = 4.0;
				TARGETED_DEVICE_FAMILY = "1,2";
			};
			name = Release;
		};
/* End XCBuildConfiguration section */

/* Begin XCConfigurationList section */
		AA12420C20F35A1A00932EB3 /* Build configuration list for PBXProject "CoreDataFetchedResults" */ = {
			isa = XCConfigurationList;
			buildConfigurations = (
				AA12422420F35A1C00932EB3 /* Debug */,
				AA12422520F35A1C00932EB3 /* Release */,
			);
			defaultConfigurationIsVisible = 0;
			defaultConfigurationName = Release;
		};
		AA12422620F35A1C00932EB3 /* Build configuration list for PBXNativeTarget "CoreDataFetchedResults" */ = {
			isa = XCConfigurationList;
			buildConfigurations = (
				AA12422720F35A1C00932EB3 /* Debug */,
				AA12422820F35A1C00932EB3 /* Release */,
			);
			defaultConfigurationIsVisible = 0;
			defaultConfigurationName = Release;
		};
/* End XCConfigurationList section */

/* Begin XCVersionGroup section */
		AA12421B20F35A1A00932EB3 /* CoreDataFetchedResults.xcdatamodeld */ = {
			isa = XCVersionGroup;
			children = (
				AA12421C20F35A1A00932EB3 /* CoreDataFetchedResults.xcdatamodel */,
			);
			currentVersion = AA12421C20F35A1A00932EB3 /* CoreDataFetchedResults.xcdatamodel */;
			path = CoreDataFetchedResults.xcdatamodeld;
			sourceTree = "<group>";
			versionGroupType = wrapper.xcdatamodel;
		};
/* End XCVersionGroup section */
	};
	rootObject = AA12420920F35A1A00932EB3 /* Project object */;
}
